
Microsoft Visual Studio Solution File, Format Version 12.00
# Visual Studio 15
VisualStudioVersion = 15.0.28307.779
MinimumVisualStudioVersion = 10.0.40219.1
Project("{FAE04EC0-301F-11D3-BF4B-00C04F79EFBC}") = "OM EYE CARE", "OM EYE CARE\OM EYE CARE.csproj", "{08D90757-260E-4A91-8041-C44CD176EA75}"
EndProject
Global
	GlobalSection(SolutionConfigurationPlatforms) = preSolution
		Debug|Any CPU = Debug|Any CPU
		Release|Any CPU = Release|Any CPU
	EndGlobalSection
	GlobalSection(ProjectConfigurationPlatforms) = postSolution
		{08D90757-260E-4A91-8041-C44CD176EA75}.Debug|Any CPU.ActiveCfg = Debug|Any CPU
		{08D90757-260E-4A91-8041-C44CD176EA75}.Debug|Any CPU.Build.0 = Debug|Any CPU
		{08D90757-260E-4A91-8041-C44CD176EA75}.Release|Any CPU.ActiveCfg = Release|Any CPU
		{08D90757-260E-4A91-8041-C44CD176EA75}.Release|Any CPU.Build.0 = Release|Any CPU
	EndGlobalSection
	GlobalSection(SolutionProperties) = preSolution
		HideSolutionNode = FALSE
	EndGlobalSection
	GlobalSection(ExtensibilityGlobals) = postSolution
		SolutionGuid = {0DD3683C-5DB5-4DB2-BB30-057537CB6001}
	EndGlobalSection
EndGlobal
